
Microsoft Visual Studio Solution File, Format Version 12.00
# Visual Studio Version 17
VisualStudioVersion = 17.6.33815.320
MinimumVisualStudioVersion = 10.0.40219.1
Project("{FAE04EC0-301F-11D3-BF4B-00C04F79EFBC}") = "ExpressionFilters", "ExpressionFilters\ExpressionFilters.csproj", "{C36C2ADE-0B75-425D-A24B-55D2F3EBE804}"
EndProject
Project("{FAE04EC0-301F-11D3-BF4B-00C04F79EFBC}") = "GenericFilters", "GenericFilters\GenericFilters.csproj", "{81F0A470-9BBA-4424-88E0-CF605A0E071B}"
EndProject
Global
	GlobalSection(SolutionConfigurationPlatforms) = preSolution
		Debug|Any CPU = Debug|Any CPU
		Release|Any CPU = Release|Any CPU
	EndGlobalSection
	GlobalSection(ProjectConfigurationPlatforms) = postSolution
		{C36C2ADE-0B75-425D-A24B-55D2F3EBE804}.Debug|Any CPU.ActiveCfg = Debug|Any CPU
		{C36C2ADE-0B75-425D-A24B-55D2F3EBE804}.Debug|Any CPU.Build.0 = Debug|Any CPU
		{C36C2ADE-0B75-425D-A24B-55D2F3EBE804}.Release|Any CPU.ActiveCfg = Release|Any CPU
		{C36C2ADE-0B75-425D-A24B-55D2F3EBE804}.Release|Any CPU.Build.0 = Release|Any CPU
		{81F0A470-9BBA-4424-88E0-CF605A0E071B}.Debug|Any CPU.ActiveCfg = Debug|Any CPU
		{81F0A470-9BBA-4424-88E0-CF605A0E071B}.Debug|Any CPU.Build.0 = Debug|Any CPU
		{81F0A470-9BBA-4424-88E0-CF605A0E071B}.Release|Any CPU.ActiveCfg = Release|Any CPU
		{81F0A470-9BBA-4424-88E0-CF605A0E071B}.Release|Any CPU.Build.0 = Release|Any CPU
	EndGlobalSection
	GlobalSection(SolutionProperties) = preSolution
		HideSolutionNode = FALSE
	EndGlobalSection
	GlobalSection(ExtensibilityGlobals) = postSolution
		SolutionGuid = {32A5F3B6-41F5-4F9C-8E88-4D156F930AD9}
	EndGlobalSection
EndGlobal
